<Solution>
  <Folder Name="/ENV/">
    <File Path="../.gitignore" />
    <File Path="../oxql-query-syntax.md" />
    <File Path="../README.md" />
  </Folder>
  <Project Path="OxQL.AspNetCore/OxQL.AspNetCore.csproj" />
  <Project Path="OxQL.Core/OxQL.Core.csproj" />
  <Project Path="OxQL.Mongo/OxQL.Mongo.csproj" />
  <Project Path="OxQL.Sample/OxQL.Sample.csproj" />
  <Project Path="OxQL.Studio/OxQL.Studio.csproj" />
  <Project Path="OxQL.Tests/OxQL.Tests.csproj" />
</Solution>
